# This file is generated by running "yarn install" inside your project.
# Manual changes might be lost - proceed with caution!

__metadata:
  version: 8
  cacheKey: 10c0

"@opentelemetry/api-logs@npm:0.202.0":
  version: 0.202.0
  resolution: "@opentelemetry/api-logs@npm:0.202.0"
  dependencies:
    "@opentelemetry/api": "npm:^1.3.0"
  checksum: 10c0/2b6fd961c9303c5581367e7bef16a0cc7e7fc9a22ffae417ac7812151238760a9c0db20aad2c222c492cd8afc8353a611076bcac9272168d04b64e6386e71a66
  languageName: node
  linkType: hard

"@opentelemetry/api@npm:^1.3.0, @opentelemetry/api@npm:^1.9.0":
  version: 1.9.0
  resolution: "@opentelemetry/api@npm:1.9.0"
  checksum: 10c0/9aae2fe6e8a3a3eeb6c1fdef78e1939cf05a0f37f8a4fae4d6bf2e09eb1e06f966ece85805626e01ba5fab48072b94f19b835449e58b6d26720ee19a58298add
  languageName: node
  linkType: hard

"@opentelemetry/core@npm:2.0.1, @opentelemetry/core@npm:^2.0.0":
  version: 2.0.1
  resolution: "@opentelemetry/core@npm:2.0.1"
  dependencies:
    "@opentelemetry/semantic-conventions": "npm:^1.29.0"
  peerDependencies:
    "@opentelemetry/api": ">=1.0.0 <1.10.0"
  checksum: 10c0/d587b1289559757d80da98039f9f57612f84f72ec608cd665dc467c7c6c5ce3a987dfcc2c63b521c7c86ce984a2552b3ead15a0dc458de1cf6bde5cdfe4ca9d8
  languageName: node
  linkType: hard

"@opentelemetry/instrumentation-express@npm:^0.51.0":
  version: 0.51.0
  resolution: "@opentelemetry/instrumentation-express@npm:0.51.0"
  dependencies:
    "@opentelemetry/core": "npm:^2.0.0"
    "@opentelemetry/instrumentation": "npm:^0.202.0"
    "@opentelemetry/semantic-conventions": "npm:^1.27.0"
  peerDependencies:
    "@opentelemetry/api": ^1.3.0
  checksum: 10c0/2befd056cf0f9b3c19d8a990eef74fb2e9f32c191a7d0cbd36b0ce6a1322faf2ff99fe7da94964ceecddd3653072e88902403097b6744e0a9589673c383d8b26
  languageName: node
  linkType: hard

"@opentelemetry/instrumentation-http@npm:^0.202.0":
  version: 0.202.0
  resolution: "@opentelemetry/instrumentation-http@npm:0.202.0"
  dependencies:
    "@opentelemetry/core": "npm:2.0.1"
    "@opentelemetry/instrumentation": "npm:0.202.0"
    "@opentelemetry/semantic-conventions": "npm:^1.29.0"
    forwarded-parse: "npm:2.1.2"
  peerDependencies:
    "@opentelemetry/api": ^1.3.0
  checksum: 10c0/ba221223573bdfa7011292cd373bbaf68e1236887510bb051a8a61d7e72c0aed95d59f0031169d539289032f9ad5f6e50a7e0e57236f66f10e9f1ce2f83020f3
  languageName: node
  linkType: hard

"@opentelemetry/instrumentation@npm:0.202.0, @opentelemetry/instrumentation@npm:^0.202.0":
  version: 0.202.0
  resolution: "@opentelemetry/instrumentation@npm:0.202.0"
  dependencies:
    "@opentelemetry/api-logs": "npm:0.202.0"
    import-in-the-middle: "npm:^1.8.1"
    require-in-the-middle: "npm:^7.1.1"
  peerDependencies:
    "@opentelemetry/api": ^1.3.0
  checksum: 10c0/3edac99d3093841bcd6008c19353f989042231485bcfe93c069e6ac41f35ab11800998275c0e3a85873656a21af982b8fd8721da974288a4ac653ecae8407641
  languageName: node
  linkType: hard

"@opentelemetry/semantic-conventions@npm:^1.27.0, @opentelemetry/semantic-conventions@npm:^1.29.0":
  version: 1.34.0
  resolution: "@opentelemetry/semantic-conventions@npm:1.34.0"
  checksum: 10c0/a51a32a5cf5c803bd2125a680d0abacbff632f3b255d0fe52379dac191114a0e8d72a34f9c46c5483ccfe91c4061c309f3cf61a19d11347e2a69779e82cfefd0
  languageName: node
  linkType: hard

"@tsconfig/node22@npm:^22.0.0":
  version: 22.0.2
  resolution: "@tsconfig/node22@npm:22.0.2"
  checksum: 10c0/c75e6b9ea86ec2a384adefac0e2f16a6c08202ae5cf6c8c745944396a6931ffb38e742809491c1882d1868c2af1c33744193701779674bfb1e05f6a130045a18
  languageName: node
  linkType: hard

"@tsconfig/strictest@npm:^2.0.5":
  version: 2.0.5
  resolution: "@tsconfig/strictest@npm:2.0.5"
  checksum: 10c0/cfc86da2d57f7b4b0827701b132c37a4974284e5c40649656c0e474866dfd8a69f57c6718230d8a8139967e2a95438586b8224c13ab0ff9d3a43eda771c50cc4
  languageName: node
  linkType: hard

"@types/body-parser@npm:*":
  version: 1.19.6
  resolution: "@types/body-parser@npm:1.19.6"
  dependencies:
    "@types/connect": "npm:*"
    "@types/node": "npm:*"
  checksum: 10c0/542da05c924dce58ee23f50a8b981fee36921850c82222e384931fda3e106f750f7880c47be665217d72dbe445129049db6eb1f44e7a06b09d62af8f3cca8ea7
  languageName: node
  linkType: hard

"@types/connect@npm:*":
  version: 3.4.38
  resolution: "@types/connect@npm:3.4.38"
  dependencies:
    "@types/node": "npm:*"
  checksum: 10c0/2e1cdba2c410f25649e77856505cd60223250fa12dff7a503e492208dbfdd25f62859918f28aba95315251fd1f5e1ffbfca1e25e73037189ab85dd3f8d0a148c
  languageName: node
  linkType: hard

"@types/cors@npm:^2":
  version: 2.8.19
  resolution: "@types/cors@npm:2.8.19"
  dependencies:
    "@types/node": "npm:*"
  checksum: 10c0/b5dd407040db7d8aa1bd36e79e5f3f32292f6b075abc287529e9f48df1a25fda3e3799ba30b4656667ffb931d3b75690c1d6ca71e39f7337ea6dfda8581916d0
  languageName: node
  linkType: hard

"@types/express-serve-static-core@npm:^5.0.0":
  version: 5.0.6
  resolution: "@types/express-serve-static-core@npm:5.0.6"
  dependencies:
    "@types/node": "npm:*"
    "@types/qs": "npm:*"
    "@types/range-parser": "npm:*"
    "@types/send": "npm:*"
  checksum: 10c0/aced8cc88c1718adbbd1fc488756b0f22d763368d9eff2ae21b350698fab4a77d8d13c3699056dc662a887e43a8b67a3e8f6289ff76102ecc6bad4a7710d31a6
  languageName: node
  linkType: hard

"@types/express@npm:^5.0.3":
  version: 5.0.3
  resolution: "@types/express@npm:5.0.3"
  dependencies:
    "@types/body-parser": "npm:*"
    "@types/express-serve-static-core": "npm:^5.0.0"
    "@types/serve-static": "npm:*"
  checksum: 10c0/f0fbc8daa7f40070b103cf4d020ff1dd08503477d866d1134b87c0390bba71d5d7949cb8b4e719a81ccba89294d8e1573414e6dcbb5bb1d097a7b820928ebdef
  languageName: node
  linkType: hard

"@types/http-errors@npm:*":
  version: 2.0.5
  resolution: "@types/http-errors@npm:2.0.5"
  checksum: 10c0/00f8140fbc504f47356512bd88e1910c2f07e04233d99c88c854b3600ce0523c8cd0ba7d1897667243282eb44c59abb9245959e2428b9de004f93937f52f7c15
  languageName: node
  linkType: hard

"@types/mime@npm:^1":
  version: 1.3.5
  resolution: "@types/mime@npm:1.3.5"
  checksum: 10c0/c2ee31cd9b993804df33a694d5aa3fa536511a49f2e06eeab0b484fef59b4483777dbb9e42a4198a0809ffbf698081fdbca1e5c2218b82b91603dfab10a10fbc
  languageName: node
  linkType: hard

"@types/node@npm:*":
  version: 24.0.4
  resolution: "@types/node@npm:24.0.4"
  dependencies:
    undici-types: "npm:~7.8.0"
  checksum: 10c0/590e8cb0ec59fb9cd566402120e690d87ecbdf57f1ee2b8493266121ed33aa4b25949a0c6156b84a6ffb9250baaf1f80e9af142da542ed603e6ee73fc4d1115f
  languageName: node
  linkType: hard

"@types/qs@npm:*":
  version: 6.14.0
  resolution: "@types/qs@npm:6.14.0"
  checksum: 10c0/5b3036df6e507483869cdb3858201b2e0b64b4793dc4974f188caa5b5732f2333ab9db45c08157975054d3b070788b35088b4bc60257ae263885016ee2131310
  languageName: node
  linkType: hard

"@types/range-parser@npm:*":
  version: 1.2.7
  resolution: "@types/range-parser@npm:1.2.7"
  checksum: 10c0/361bb3e964ec5133fa40644a0b942279ed5df1949f21321d77de79f48b728d39253e5ce0408c9c17e4e0fd95ca7899da36841686393b9f7a1e209916e9381a3c
  languageName: node
  linkType: hard

"@types/send@npm:*":
  version: 0.17.5
  resolution: "@types/send@npm:0.17.5"
  dependencies:
    "@types/mime": "npm:^1"
    "@types/node": "npm:*"
  checksum: 10c0/a86c9b89bb0976ff58c1cdd56360ea98528f4dbb18a5c2287bb8af04815513a576a42b4e0e1e7c4d14f7d6ea54733f6ef935ebff8c65e86d9c222881a71e1f15
  languageName: node
  linkType: hard

"@types/serve-static@npm:*":
  version: 1.15.8
  resolution: "@types/serve-static@npm:1.15.8"
  dependencies:
    "@types/http-errors": "npm:*"
    "@types/node": "npm:*"
    "@types/send": "npm:*"
  checksum: 10c0/8ad86a25b87da5276cb1008c43c74667ff7583904d46d5fcaf0355887869d859d453d7dc4f890788ae04705c23720e9b6b6f3215e2d1d2a4278bbd090a9268dd
  languageName: node
  linkType: hard

"accepts@npm:^2.0.0":
  version: 2.0.0
  resolution: "accepts@npm:2.0.0"
  dependencies:
    mime-types: "npm:^3.0.0"
    negotiator: "npm:^1.0.0"
  checksum: 10c0/98374742097e140891546076215f90c32644feacf652db48412329de4c2a529178a81aa500fbb13dd3e6cbf6e68d829037b123ac037fc9a08bcec4b87b358eef
  languageName: node
  linkType: hard

"acorn-import-attributes@npm:^1.9.5":
  version: 1.9.5
  resolution: "acorn-import-attributes@npm:1.9.5"
  peerDependencies:
    acorn: ^8
  checksum: 10c0/5926eaaead2326d5a86f322ff1b617b0f698aa61dc719a5baa0e9d955c9885cc71febac3fb5bacff71bbf2c4f9c12db2056883c68c53eb962c048b952e1e013d
  languageName: node
  linkType: hard

"acorn@npm:^8.14.0":
  version: 8.15.0
  resolution: "acorn@npm:8.15.0"
  bin:
    acorn: bin/acorn
  checksum: 10c0/dec73ff59b7d6628a01eebaece7f2bdb8bb62b9b5926dcad0f8931f2b8b79c2be21f6c68ac095592adb5adb15831a3635d9343e6a91d028bbe85d564875ec3ec
  languageName: node
  linkType: hard

"body-parser@npm:^2.2.0":
  version: 2.2.0
  resolution: "body-parser@npm:2.2.0"
  dependencies:
    bytes: "npm:^3.1.2"
    content-type: "npm:^1.0.5"
    debug: "npm:^4.4.0"
    http-errors: "npm:^2.0.0"
    iconv-lite: "npm:^0.6.3"
    on-finished: "npm:^2.4.1"
    qs: "npm:^6.14.0"
    raw-body: "npm:^3.0.0"
    type-is: "npm:^2.0.0"
  checksum: 10c0/a9ded39e71ac9668e2211afa72e82ff86cc5ef94de1250b7d1ba9cc299e4150408aaa5f1e8b03dd4578472a3ce6d1caa2a23b27a6c18e526e48b4595174c116c
  languageName: node
  linkType: hard

"bytes@npm:3.1.2, bytes@npm:^3.1.2":
  version: 3.1.2
  resolution: "bytes@npm:3.1.2"
  checksum: 10c0/76d1c43cbd602794ad8ad2ae94095cddeb1de78c5dddaa7005c51af10b0176c69971a6d88e805a90c2b6550d76636e43c40d8427a808b8645ede885de4a0358e
  languageName: node
  linkType: hard

"call-bind-apply-helpers@npm:^1.0.1, call-bind-apply-helpers@npm:^1.0.2":
  version: 1.0.2
  resolution: "call-bind-apply-helpers@npm:1.0.2"
  dependencies:
    es-errors: "npm:^1.3.0"
    function-bind: "npm:^1.1.2"
  checksum: 10c0/47bd9901d57b857590431243fea704ff18078b16890a6b3e021e12d279bbf211d039155e27d7566b374d49ee1f8189344bac9833dec7a20cdec370506361c938
  languageName: node
  linkType: hard

"call-bound@npm:^1.0.2":
  version: 1.0.4
  resolution: "call-bound@npm:1.0.4"
  dependencies:
    call-bind-apply-helpers: "npm:^1.0.2"
    get-intrinsic: "npm:^1.3.0"
  checksum: 10c0/f4796a6a0941e71c766aea672f63b72bc61234c4f4964dc6d7606e3664c307e7d77845328a8f3359ce39ddb377fed67318f9ee203dea1d47e46165dcf2917644
  languageName: node
  linkType: hard

"cjs-module-lexer@npm:^1.2.2":
  version: 1.4.3
  resolution: "cjs-module-lexer@npm:1.4.3"
  checksum: 10c0/076b3af85adc4d65dbdab1b5b240fe5b45d44fcf0ef9d429044dd94d19be5589376805c44fb2d4b3e684e5fe6a9b7cf3e426476a6507c45283c5fc6ff95240be
  languageName: node
  linkType: hard

"content-disposition@npm:^1.0.0":
  version: 1.0.0
  resolution: "content-disposition@npm:1.0.0"
  dependencies:
    safe-buffer: "npm:5.2.1"
  checksum: 10c0/c7b1ba0cea2829da0352ebc1b7f14787c73884bc707c8bc2271d9e3bf447b372270d09f5d3980dc5037c749ceef56b9a13fccd0b0001c87c3f12579967e4dd27
  languageName: node
  linkType: hard

"content-type@npm:^1.0.5":
  version: 1.0.5
  resolution: "content-type@npm:1.0.5"
  checksum: 10c0/b76ebed15c000aee4678c3707e0860cb6abd4e680a598c0a26e17f0bfae723ec9cc2802f0ff1bc6e4d80603719010431d2231018373d4dde10f9ccff9dadf5af
  languageName: node
  linkType: hard

"cookie-signature@npm:^1.2.1":
  version: 1.2.2
  resolution: "cookie-signature@npm:1.2.2"
  checksum: 10c0/54e05df1a293b3ce81589b27dddc445f462f6fa6812147c033350cd3561a42bc14481674e05ed14c7bd0ce1e8bb3dc0e40851bad75415733711294ddce0b7bc6
  languageName: node
  linkType: hard

"cookie@npm:^0.7.1":
  version: 0.7.2
  resolution: "cookie@npm:0.7.2"
  checksum: 10c0/9596e8ccdbf1a3a88ae02cf5ee80c1c50959423e1022e4e60b91dd87c622af1da309253d8abdb258fb5e3eacb4f08e579dc58b4897b8087574eee0fd35dfa5d2
  languageName: node
  linkType: hard

"cors@npm:^2.8.5":
  version: 2.8.5
  resolution: "cors@npm:2.8.5"
  dependencies:
    object-assign: "npm:^4"
    vary: "npm:^1"
  checksum: 10c0/373702b7999409922da80de4a61938aabba6929aea5b6fd9096fefb9e8342f626c0ebd7507b0e8b0b311380744cc985f27edebc0a26e0ddb784b54e1085de761
  languageName: node
  linkType: hard

"debug@npm:^4.3.5, debug@npm:^4.4.0":
  version: 4.4.1
  resolution: "debug@npm:4.4.1"
  dependencies:
    ms: "npm:^2.1.3"
  peerDependenciesMeta:
    supports-color:
      optional: true
  checksum: 10c0/d2b44bc1afd912b49bb7ebb0d50a860dc93a4dd7d946e8de94abc957bb63726b7dd5aa48c18c2386c379ec024c46692e15ed3ed97d481729f929201e671fcd55
  languageName: node
  linkType: hard

"depd@npm:2.0.0, depd@npm:^2.0.0":
  version: 2.0.0
  resolution: "depd@npm:2.0.0"
  checksum: 10c0/58bd06ec20e19529b06f7ad07ddab60e504d9e0faca4bd23079fac2d279c3594334d736508dc350e06e510aba5e22e4594483b3a6562ce7c17dd797f4cc4ad2c
  languageName: node
  linkType: hard

"dunder-proto@npm:^1.0.1":
  version: 1.0.1
  resolution: "dunder-proto@npm:1.0.1"
  dependencies:
    call-bind-apply-helpers: "npm:^1.0.1"
    es-errors: "npm:^1.3.0"
    gopd: "npm:^1.2.0"
  checksum: 10c0/199f2a0c1c16593ca0a145dbf76a962f8033ce3129f01284d48c45ed4e14fea9bbacd7b3610b6cdc33486cef20385ac054948fefc6272fcce645c09468f93031
  languageName: node
  linkType: hard

"ee-first@npm:1.1.1":
  version: 1.1.1
  resolution: "ee-first@npm:1.1.1"
  checksum: 10c0/b5bb125ee93161bc16bfe6e56c6b04de5ad2aa44234d8f644813cc95d861a6910903132b05093706de2b706599367c4130eb6d170f6b46895686b95f87d017b7
  languageName: node
  linkType: hard

"encodeurl@npm:^2.0.0":
  version: 2.0.0
  resolution: "encodeurl@npm:2.0.0"
  checksum: 10c0/5d317306acb13e6590e28e27924c754163946a2480de11865c991a3a7eed4315cd3fba378b543ca145829569eefe9b899f3d84bb09870f675ae60bc924b01ceb
  languageName: node
  linkType: hard

"es-define-property@npm:^1.0.1":
  version: 1.0.1
  resolution: "es-define-property@npm:1.0.1"
  checksum: 10c0/3f54eb49c16c18707949ff25a1456728c883e81259f045003499efba399c08bad00deebf65cccde8c0e07908c1a225c9d472b7107e558f2a48e28d530e34527c
  languageName: node
  linkType: hard

"es-errors@npm:^1.3.0":
  version: 1.3.0
  resolution: "es-errors@npm:1.3.0"
  checksum: 10c0/0a61325670072f98d8ae3b914edab3559b6caa980f08054a3b872052640d91da01d38df55df797fcc916389d77fc92b8d5906cf028f4db46d7e3003abecbca85
  languageName: node
  linkType: hard

"es-object-atoms@npm:^1.0.0, es-object-atoms@npm:^1.1.1":
  version: 1.1.1
  resolution: "es-object-atoms@npm:1.1.1"
  dependencies:
    es-errors: "npm:^1.3.0"
  checksum: 10c0/65364812ca4daf48eb76e2a3b7a89b3f6a2e62a1c420766ce9f692665a29d94fe41fe88b65f24106f449859549711e4b40d9fb8002d862dfd7eb1c512d10be0c
  languageName: node
  linkType: hard

"escape-html@npm:^1.0.3":
  version: 1.0.3
  resolution: "escape-html@npm:1.0.3"
  checksum: 10c0/524c739d776b36c3d29fa08a22e03e8824e3b2fd57500e5e44ecf3cc4707c34c60f9ca0781c0e33d191f2991161504c295e98f68c78fe7baa6e57081ec6ac0a3
  languageName: node
  linkType: hard

"etag@npm:^1.8.1":
  version: 1.8.1
  resolution: "etag@npm:1.8.1"
  checksum: 10c0/12be11ef62fb9817314d790089a0a49fae4e1b50594135dcb8076312b7d7e470884b5100d249b28c18581b7fd52f8b485689ffae22a11ed9ec17377a33a08f84
  languageName: node
  linkType: hard

"express@npm:^5.1.0":
  version: 5.1.0
  resolution: "express@npm:5.1.0"
  dependencies:
    accepts: "npm:^2.0.0"
    body-parser: "npm:^2.2.0"
    content-disposition: "npm:^1.0.0"
    content-type: "npm:^1.0.5"
    cookie: "npm:^0.7.1"
    cookie-signature: "npm:^1.2.1"
    debug: "npm:^4.4.0"
    encodeurl: "npm:^2.0.0"
    escape-html: "npm:^1.0.3"
    etag: "npm:^1.8.1"
    finalhandler: "npm:^2.1.0"
    fresh: "npm:^2.0.0"
    http-errors: "npm:^2.0.0"
    merge-descriptors: "npm:^2.0.0"
    mime-types: "npm:^3.0.0"
    on-finished: "npm:^2.4.1"
    once: "npm:^1.4.0"
    parseurl: "npm:^1.3.3"
    proxy-addr: "npm:^2.0.7"
    qs: "npm:^6.14.0"
    range-parser: "npm:^1.2.1"
    router: "npm:^2.2.0"
    send: "npm:^1.1.0"
    serve-static: "npm:^2.2.0"
    statuses: "npm:^2.0.1"
    type-is: "npm:^2.0.1"
    vary: "npm:^1.1.2"
  checksum: 10c0/80ce7c53c5f56887d759b94c3f2283e2e51066c98d4b72a4cc1338e832b77f1e54f30d0239cc10815a0f849bdb753e6a284d2fa48d4ab56faf9c501f55d751d6
  languageName: node
  linkType: hard

"finalhandler@npm:^2.1.0":
  version: 2.1.0
  resolution: "finalhandler@npm:2.1.0"
  dependencies:
    debug: "npm:^4.4.0"
    encodeurl: "npm:^2.0.0"
    escape-html: "npm:^1.0.3"
    on-finished: "npm:^2.4.1"
    parseurl: "npm:^1.3.3"
    statuses: "npm:^2.0.1"
  checksum: 10c0/da0bbca6d03873472ee890564eb2183f4ed377f25f3628a0fc9d16dac40bed7b150a0d82ebb77356e4c6d97d2796ad2dba22948b951dddee2c8768b0d1b9fb1f
  languageName: node
  linkType: hard

"forwarded-parse@npm:2.1.2":
  version: 2.1.2
  resolution: "forwarded-parse@npm:2.1.2"
  checksum: 10c0/0c6b4c631775f272b4475e935108635495e8a5b261d1b4a5caef31c47c5a0b04134adc564e655aadfef366a02647fa3ae90a1d3ac19929f3ade47f9bed53036a
  languageName: node
  linkType: hard

"forwarded@npm:0.2.0":
  version: 0.2.0
  resolution: "forwarded@npm:0.2.0"
  checksum: 10c0/9b67c3fac86acdbc9ae47ba1ddd5f2f81526fa4c8226863ede5600a3f7c7416ef451f6f1e240a3cc32d0fd79fcfe6beb08fd0da454f360032bde70bf80afbb33
  languageName: node
  linkType: hard

"fresh@npm:^2.0.0":
  version: 2.0.0
  resolution: "fresh@npm:2.0.0"
  checksum: 10c0/0557548194cb9a809a435bf92bcfbc20c89e8b5eb38861b73ced36750437251e39a111fc3a18b98531be9dd91fe1411e4969f229dc579ec0251ce6c5d4900bbc
  languageName: node
  linkType: hard

"function-bind@npm:^1.1.2":
  version: 1.1.2
  resolution: "function-bind@npm:1.1.2"
  checksum: 10c0/d8680ee1e5fcd4c197e4ac33b2b4dce03c71f4d91717292785703db200f5c21f977c568d28061226f9b5900cbcd2c84463646134fd5337e7925e0942bc3f46d5
  languageName: node
  linkType: hard

"get-intrinsic@npm:^1.2.5, get-intrinsic@npm:^1.3.0":
  version: 1.3.0
  resolution: "get-intrinsic@npm:1.3.0"
  dependencies:
    call-bind-apply-helpers: "npm:^1.0.2"
    es-define-property: "npm:^1.0.1"
    es-errors: "npm:^1.3.0"
    es-object-atoms: "npm:^1.1.1"
    function-bind: "npm:^1.1.2"
    get-proto: "npm:^1.0.1"
    gopd: "npm:^1.2.0"
    has-symbols: "npm:^1.1.0"
    hasown: "npm:^2.0.2"
    math-intrinsics: "npm:^1.1.0"
  checksum: 10c0/52c81808af9a8130f581e6a6a83e1ba4a9f703359e7a438d1369a5267a25412322f03dcbd7c549edaef0b6214a0630a28511d7df0130c93cfd380f4fa0b5b66a
  languageName: node
  linkType: hard

"get-proto@npm:^1.0.1":
  version: 1.0.1
  resolution: "get-proto@npm:1.0.1"
  dependencies:
    dunder-proto: "npm:^1.0.1"
    es-object-atoms: "npm:^1.0.0"
  checksum: 10c0/9224acb44603c5526955e83510b9da41baf6ae73f7398875fba50edc5e944223a89c4a72b070fcd78beb5f7bdda58ecb6294adc28f7acfc0da05f76a2399643c
  languageName: node
  linkType: hard

"gopd@npm:^1.2.0":
  version: 1.2.0
  resolution: "gopd@npm:1.2.0"
  checksum: 10c0/50fff1e04ba2b7737c097358534eacadad1e68d24cccee3272e04e007bed008e68d2614f3987788428fd192a5ae3889d08fb2331417e4fc4a9ab366b2043cead
  languageName: node
  linkType: hard

"has-symbols@npm:^1.1.0":
  version: 1.1.0
  resolution: "has-symbols@npm:1.1.0"
  checksum: 10c0/dde0a734b17ae51e84b10986e651c664379018d10b91b6b0e9b293eddb32f0f069688c841fb40f19e9611546130153e0a2a48fd7f512891fb000ddfa36f5a20e
  languageName: node
  linkType: hard

"hasown@npm:^2.0.2":
  version: 2.0.2
  resolution: "hasown@npm:2.0.2"
  dependencies:
    function-bind: "npm:^1.1.2"
  checksum: 10c0/3769d434703b8ac66b209a4cca0737519925bbdb61dd887f93a16372b14694c63ff4e797686d87c90f08168e81082248b9b028bad60d4da9e0d1148766f56eb9
  languageName: node
  linkType: hard

"http-errors@npm:2.0.0, http-errors@npm:^2.0.0":
  version: 2.0.0
  resolution: "http-errors@npm:2.0.0"
  dependencies:
    depd: "npm:2.0.0"
    inherits: "npm:2.0.4"
    setprototypeof: "npm:1.2.0"
    statuses: "npm:2.0.1"
    toidentifier: "npm:1.0.1"
  checksum: 10c0/fc6f2715fe188d091274b5ffc8b3657bd85c63e969daa68ccb77afb05b071a4b62841acb7a21e417b5539014dff2ebf9550f0b14a9ff126f2734a7c1387f8e19
  languageName: node
  linkType: hard

"iconv-lite@npm:0.6.3, iconv-lite@npm:^0.6.3":
  version: 0.6.3
  resolution: "iconv-lite@npm:0.6.3"
  dependencies:
    safer-buffer: "npm:>= 2.1.2 < 3.0.0"
  checksum: 10c0/98102bc66b33fcf5ac044099d1257ba0b7ad5e3ccd3221f34dd508ab4070edff183276221684e1e0555b145fce0850c9f7d2b60a9fcac50fbb4ea0d6e845a3b1
  languageName: node
  linkType: hard

"import-in-the-middle@npm:^1.8.1":
  version: 1.14.2
  resolution: "import-in-the-middle@npm:1.14.2"
  dependencies:
    acorn: "npm:^8.14.0"
    acorn-import-attributes: "npm:^1.9.5"
    cjs-module-lexer: "npm:^1.2.2"
    module-details-from-path: "npm:^1.0.3"
  checksum: 10c0/ee614a09d3772ad39f8005d798458e541cbfb897b8f97623f4bac527eecc51984586cfbf8f195715df5c463ec0b7fce8086489dc12f758ffe5ea485b8a29da01
  languageName: node
  linkType: hard

"inherits@npm:2.0.4":
  version: 2.0.4
  resolution: "inherits@npm:2.0.4"
  checksum: 10c0/4e531f648b29039fb7426fb94075e6545faa1eb9fe83c29f0b6d9e7263aceb4289d2d4557db0d428188eeb449cc7c5e77b0a0b2c4e248ff2a65933a0dee49ef2
  languageName: node
  linkType: hard

"ipaddr.js@npm:1.9.1":
  version: 1.9.1
  resolution: "ipaddr.js@npm:1.9.1"
  checksum: 10c0/0486e775047971d3fdb5fb4f063829bac45af299ae0b82dcf3afa2145338e08290563a2a70f34b732d795ecc8311902e541a8530eeb30d75860a78ff4e94ce2a
  languageName: node
  linkType: hard

"is-core-module@npm:^2.16.0":
  version: 2.16.1
  resolution: "is-core-module@npm:2.16.1"
  dependencies:
    hasown: "npm:^2.0.2"
  checksum: 10c0/898443c14780a577e807618aaae2b6f745c8538eca5c7bc11388a3f2dc6de82b9902bcc7eb74f07be672b11bbe82dd6a6edded44a00cb3d8f933d0459905eedd
  languageName: node
  linkType: hard

"is-promise@npm:^4.0.0":
  version: 4.0.0
  resolution: "is-promise@npm:4.0.0"
  checksum: 10c0/ebd5c672d73db781ab33ccb155fb9969d6028e37414d609b115cc534654c91ccd061821d5b987eefaa97cf4c62f0b909bb2f04db88306de26e91bfe8ddc01503
  languageName: node
  linkType: hard

"math-intrinsics@npm:^1.1.0":
  version: 1.1.0
  resolution: "math-intrinsics@npm:1.1.0"
  checksum: 10c0/7579ff94e899e2f76ab64491d76cf606274c874d8f2af4a442c016bd85688927fcfca157ba6bf74b08e9439dc010b248ce05b96cc7c126a354c3bae7fcb48b7f
  languageName: node
  linkType: hard

"media-typer@npm:^1.1.0":
  version: 1.1.0
  resolution: "media-typer@npm:1.1.0"
  checksum: 10c0/7b4baa40b25964bb90e2121ee489ec38642127e48d0cc2b6baa442688d3fde6262bfdca86d6bbf6ba708784afcac168c06840c71facac70e390f5f759ac121b9
  languageName: node
  linkType: hard

"merge-descriptors@npm:^2.0.0":
  version: 2.0.0
  resolution: "merge-descriptors@npm:2.0.0"
  checksum: 10c0/95389b7ced3f9b36fbdcf32eb946dc3dd1774c2fdf164609e55b18d03aa499b12bd3aae3a76c1c7185b96279e9803525550d3eb292b5224866060a288f335cb3
  languageName: node
  linkType: hard

"mime-db@npm:^1.54.0":
  version: 1.54.0
  resolution: "mime-db@npm:1.54.0"
  checksum: 10c0/8d907917bc2a90fa2df842cdf5dfeaf509adc15fe0531e07bb2f6ab15992416479015828d6a74200041c492e42cce3ebf78e5ce714388a0a538ea9c53eece284
  languageName: node
  linkType: hard

"mime-types@npm:^3.0.0, mime-types@npm:^3.0.1":
  version: 3.0.1
  resolution: "mime-types@npm:3.0.1"
  dependencies:
    mime-db: "npm:^1.54.0"
  checksum: 10c0/bd8c20d3694548089cf229016124f8f40e6a60bbb600161ae13e45f793a2d5bb40f96bbc61f275836696179c77c1d6bf4967b2a75e0a8ad40fe31f4ed5be4da5
  languageName: node
  linkType: hard

"module-details-from-path@npm:^1.0.3":
  version: 1.0.4
  resolution: "module-details-from-path@npm:1.0.4"
  checksum: 10c0/10863413e96dab07dee917eae07afe46f7bf853065cc75a7d2a718adf67574857fb64f8a2c0c9af12ac733a9a8cf652db7ed39b95f7a355d08106cb9cc50c83b
  languageName: node
  linkType: hard

"ms@npm:^2.1.3":
  version: 2.1.3
  resolution: "ms@npm:2.1.3"
  checksum: 10c0/d924b57e7312b3b63ad21fc5b3dc0af5e78d61a1fc7cfb5457edaf26326bf62be5307cc87ffb6862ef1c2b33b0233cdb5d4f01c4c958cc0d660948b65a287a48
  languageName: node
  linkType: hard

"negotiator@npm:^1.0.0":
  version: 1.0.0
  resolution: "negotiator@npm:1.0.0"
  checksum: 10c0/4c559dd52669ea48e1914f9d634227c561221dd54734070791f999c52ed0ff36e437b2e07d5c1f6e32909fc625fe46491c16e4a8f0572567d4dd15c3a4fda04b
  languageName: node
  linkType: hard

"object-assign@npm:^4":
  version: 4.1.1
  resolution: "object-assign@npm:4.1.1"
  checksum: 10c0/1f4df9945120325d041ccf7b86f31e8bcc14e73d29171e37a7903050e96b81323784ec59f93f102ec635bcf6fa8034ba3ea0a8c7e69fa202b87ae3b6cec5a414
  languageName: node
  linkType: hard

"object-inspect@npm:^1.13.3":
  version: 1.13.4
  resolution: "object-inspect@npm:1.13.4"
  checksum: 10c0/d7f8711e803b96ea3191c745d6f8056ce1f2496e530e6a19a0e92d89b0fa3c76d910c31f0aa270432db6bd3b2f85500a376a83aaba849a8d518c8845b3211692
  languageName: node
  linkType: hard

"on-finished@npm:^2.4.1":
  version: 2.4.1
  resolution: "on-finished@npm:2.4.1"
  dependencies:
    ee-first: "npm:1.1.1"
  checksum: 10c0/46fb11b9063782f2d9968863d9cbba33d77aa13c17f895f56129c274318b86500b22af3a160fe9995aa41317efcd22941b6eba747f718ced08d9a73afdb087b4
  languageName: node
  linkType: hard

"once@npm:^1.4.0":
  version: 1.4.0
  resolution: "once@npm:1.4.0"
  dependencies:
    wrappy: "npm:1"
  checksum: 10c0/5d48aca287dfefabd756621c5dfce5c91a549a93e9fdb7b8246bc4c4790aa2ec17b34a260530474635147aeb631a2dcc8b32c613df0675f96041cbb8244517d0
  languageName: node
  linkType: hard

"parseurl@npm:^1.3.3":
  version: 1.3.3
  resolution: "parseurl@npm:1.3.3"
  checksum: 10c0/90dd4760d6f6174adb9f20cf0965ae12e23879b5f5464f38e92fce8073354341e4b3b76fa3d878351efe7d01e617121955284cfd002ab087fba1a0726ec0b4f5
  languageName: node
  linkType: hard

"path-parse@npm:^1.0.7":
  version: 1.0.7
  resolution: "path-parse@npm:1.0.7"
  checksum: 10c0/11ce261f9d294cc7a58d6a574b7f1b935842355ec66fba3c3fd79e0f036462eaf07d0aa95bb74ff432f9afef97ce1926c720988c6a7451d8a584930ae7de86e1
  languageName: node
  linkType: hard

"path-to-regexp@npm:^8.0.0":
  version: 8.2.0
  resolution: "path-to-regexp@npm:8.2.0"
  checksum: 10c0/ef7d0a887b603c0a142fad16ccebdcdc42910f0b14830517c724466ad676107476bba2fe9fffd28fd4c141391ccd42ea426f32bb44c2c82ecaefe10c37b90f5a
  languageName: node
  linkType: hard

"proxy-addr@npm:^2.0.7":
  version: 2.0.7
  resolution: "proxy-addr@npm:2.0.7"
  dependencies:
    forwarded: "npm:0.2.0"
    ipaddr.js: "npm:1.9.1"
  checksum: 10c0/c3eed999781a35f7fd935f398b6d8920b6fb00bbc14287bc6de78128ccc1a02c89b95b56742bf7cf0362cc333c61d138532049c7dedc7a328ef13343eff81210
  languageName: node
  linkType: hard

"proxy@workspace:.":
  version: 0.0.0-use.local
  resolution: "proxy@workspace:."
  dependencies:
    "@opentelemetry/api": "npm:^1.9.0"
    "@opentelemetry/instrumentation-express": "npm:^0.51.0"
    "@opentelemetry/instrumentation-http": "npm:^0.202.0"
    "@tsconfig/node22": "npm:^22.0.0"
    "@tsconfig/strictest": "npm:^2.0.5"
    "@types/cors": "npm:^2"
    "@types/express": "npm:^5.0.3"
    cors: "npm:^2.8.5"
    express: "npm:^5.1.0"
    typescript: "npm:^5.8.3"
    zod: "npm:^3.25.67"
  languageName: unknown
  linkType: soft

"qs@npm:^6.14.0":
  version: 6.14.0
  resolution: "qs@npm:6.14.0"
  dependencies:
    side-channel: "npm:^1.1.0"
  checksum: 10c0/8ea5d91bf34f440598ee389d4a7d95820e3b837d3fd9f433871f7924801becaa0cd3b3b4628d49a7784d06a8aea9bc4554d2b6d8d584e2d221dc06238a42909c
  languageName: node
  linkType: hard

"range-parser@npm:^1.2.1":
  version: 1.2.1
  resolution: "range-parser@npm:1.2.1"
  checksum: 10c0/96c032ac2475c8027b7a4e9fe22dc0dfe0f6d90b85e496e0f016fbdb99d6d066de0112e680805075bd989905e2123b3b3d002765149294dce0c1f7f01fcc2ea0
  languageName: node
  linkType: hard

"raw-body@npm:^3.0.0":
  version: 3.0.0
  resolution: "raw-body@npm:3.0.0"
  dependencies:
    bytes: "npm:3.1.2"
    http-errors: "npm:2.0.0"
    iconv-lite: "npm:0.6.3"
    unpipe: "npm:1.0.0"
  checksum: 10c0/f8daf4b724064a4811d118745a781ca0fb4676298b8adadfd6591155549cfea0a067523cf7dd3baeb1265fecc9ce5dfb2fc788c12c66b85202a336593ece0f87
  languageName: node
  linkType: hard

"require-in-the-middle@npm:^7.1.1":
  version: 7.5.2
  resolution: "require-in-the-middle@npm:7.5.2"
  dependencies:
    debug: "npm:^4.3.5"
    module-details-from-path: "npm:^1.0.3"
    resolve: "npm:^1.22.8"
  checksum: 10c0/43a2dac5520e39d13c413650895715e102d6802e6cc6ff322017bd948f12a9657fe28435f7cbbcba437b167f02e192ac7af29fa35cabd5d0c375d071c0605e01
  languageName: node
  linkType: hard

"resolve@npm:^1.22.8":
  version: 1.22.10
  resolution: "resolve@npm:1.22.10"
  dependencies:
    is-core-module: "npm:^2.16.0"
    path-parse: "npm:^1.0.7"
    supports-preserve-symlinks-flag: "npm:^1.0.0"
  bin:
    resolve: bin/resolve
  checksum: 10c0/8967e1f4e2cc40f79b7e080b4582b9a8c5ee36ffb46041dccb20e6461161adf69f843b43067b4a375de926a2cd669157e29a29578191def399dd5ef89a1b5203
  languageName: node
  linkType: hard

"resolve@patch:resolve@npm%3A^1.22.8#optional!builtin<compat/resolve>":
  version: 1.22.10
  resolution: "resolve@patch:resolve@npm%3A1.22.10#optional!builtin<compat/resolve>::version=1.22.10&hash=c3c19d"
  dependencies:
    is-core-module: "npm:^2.16.0"
    path-parse: "npm:^1.0.7"
    supports-preserve-symlinks-flag: "npm:^1.0.0"
  bin:
    resolve: bin/resolve
  checksum: 10c0/3560bdeeb90fd518489b0150eec3f88d5ce82b323cc3b9363a37e8cdfd9992eb597827773a556aff15f4315a86fee53a586dfbea28eb434cab0d215188fe15d8
  languageName: node
  linkType: hard

"router@npm:^2.2.0":
  version: 2.2.0
  resolution: "router@npm:2.2.0"
  dependencies:
    debug: "npm:^4.4.0"
    depd: "npm:^2.0.0"
    is-promise: "npm:^4.0.0"
    parseurl: "npm:^1.3.3"
    path-to-regexp: "npm:^8.0.0"
  checksum: 10c0/3279de7450c8eae2f6e095e9edacbdeec0abb5cb7249c6e719faa0db2dba43574b4fff5892d9220631c9abaff52dd3cad648cfea2aaace845e1a071915ac8867
  languageName: node
  linkType: hard

"safe-buffer@npm:5.2.1":
  version: 5.2.1
  resolution: "safe-buffer@npm:5.2.1"
  checksum: 10c0/6501914237c0a86e9675d4e51d89ca3c21ffd6a31642efeba25ad65720bce6921c9e7e974e5be91a786b25aa058b5303285d3c15dbabf983a919f5f630d349f3
  languageName: node
  linkType: hard

"safer-buffer@npm:>= 2.1.2 < 3.0.0":
  version: 2.1.2
  resolution: "safer-buffer@npm:2.1.2"
  checksum: 10c0/7e3c8b2e88a1841c9671094bbaeebd94448111dd90a81a1f606f3f67708a6ec57763b3b47f06da09fc6054193e0e6709e77325415dc8422b04497a8070fa02d4
  languageName: node
  linkType: hard

"send@npm:^1.1.0, send@npm:^1.2.0":
  version: 1.2.0
  resolution: "send@npm:1.2.0"
  dependencies:
    debug: "npm:^4.3.5"
    encodeurl: "npm:^2.0.0"
    escape-html: "npm:^1.0.3"
    etag: "npm:^1.8.1"
    fresh: "npm:^2.0.0"
    http-errors: "npm:^2.0.0"
    mime-types: "npm:^3.0.1"
    ms: "npm:^2.1.3"
    on-finished: "npm:^2.4.1"
    range-parser: "npm:^1.2.1"
    statuses: "npm:^2.0.1"
  checksum: 10c0/531bcfb5616948d3468d95a1fd0adaeb0c20818ba4a500f439b800ca2117971489e02074ce32796fd64a6772ea3e7235fe0583d8241dbd37a053dc3378eff9a5
  languageName: node
  linkType: hard

"serve-static@npm:^2.2.0":
  version: 2.2.0
  resolution: "serve-static@npm:2.2.0"
  dependencies:
    encodeurl: "npm:^2.0.0"
    escape-html: "npm:^1.0.3"
    parseurl: "npm:^1.3.3"
    send: "npm:^1.2.0"
  checksum: 10c0/30e2ed1dbff1984836cfd0c65abf5d3f3f83bcd696c99d2d3c97edbd4e2a3ff4d3f87108a7d713640d290a7b6fe6c15ddcbc61165ab2eaad48ea8d3b52c7f913
  languageName: node
  linkType: hard

"setprototypeof@npm:1.2.0":
  version: 1.2.0
  resolution: "setprototypeof@npm:1.2.0"
  checksum: 10c0/68733173026766fa0d9ecaeb07f0483f4c2dc70ca376b3b7c40b7cda909f94b0918f6c5ad5ce27a9160bdfb475efaa9d5e705a11d8eaae18f9835d20976028bc
  languageName: node
  linkType: hard

"side-channel-list@npm:^1.0.0":
  version: 1.0.0
  resolution: "side-channel-list@npm:1.0.0"
  dependencies:
    es-errors: "npm:^1.3.0"
    object-inspect: "npm:^1.13.3"
  checksum: 10c0/644f4ac893456c9490ff388bf78aea9d333d5e5bfc64cfb84be8f04bf31ddc111a8d4b83b85d7e7e8a7b845bc185a9ad02c052d20e086983cf59f0be517d9b3d
  languageName: node
  linkType: hard

"side-channel-map@npm:^1.0.1":
  version: 1.0.1
  resolution: "side-channel-map@npm:1.0.1"
  dependencies:
    call-bound: "npm:^1.0.2"
    es-errors: "npm:^1.3.0"
    get-intrinsic: "npm:^1.2.5"
    object-inspect: "npm:^1.13.3"
  checksum: 10c0/010584e6444dd8a20b85bc926d934424bd809e1a3af941cace229f7fdcb751aada0fb7164f60c2e22292b7fa3c0ff0bce237081fd4cdbc80de1dc68e95430672
  languageName: node
  linkType: hard

"side-channel-weakmap@npm:^1.0.2":
  version: 1.0.2
  resolution: "side-channel-weakmap@npm:1.0.2"
  dependencies:
    call-bound: "npm:^1.0.2"
    es-errors: "npm:^1.3.0"
    get-intrinsic: "npm:^1.2.5"
    object-inspect: "npm:^1.13.3"
    side-channel-map: "npm:^1.0.1"
  checksum: 10c0/71362709ac233e08807ccd980101c3e2d7efe849edc51455030327b059f6c4d292c237f94dc0685031dd11c07dd17a68afde235d6cf2102d949567f98ab58185
  languageName: node
  linkType: hard

"side-channel@npm:^1.1.0":
  version: 1.1.0
  resolution: "side-channel@npm:1.1.0"
  dependencies:
    es-errors: "npm:^1.3.0"
    object-inspect: "npm:^1.13.3"
    side-channel-list: "npm:^1.0.0"
    side-channel-map: "npm:^1.0.1"
    side-channel-weakmap: "npm:^1.0.2"
  checksum: 10c0/cb20dad41eb032e6c24c0982e1e5a24963a28aa6122b4f05b3f3d6bf8ae7fd5474ef382c8f54a6a3ab86e0cac4d41a23bd64ede3970e5bfb50326ba02a7996e6
  languageName: node
  linkType: hard

"statuses@npm:2.0.1":
  version: 2.0.1
  resolution: "statuses@npm:2.0.1"
  checksum: 10c0/34378b207a1620a24804ce8b5d230fea0c279f00b18a7209646d5d47e419d1cc23e7cbf33a25a1e51ac38973dc2ac2e1e9c647a8e481ef365f77668d72becfd0
  languageName: node
  linkType: hard

"statuses@npm:^2.0.1":
  version: 2.0.2
  resolution: "statuses@npm:2.0.2"
  checksum: 10c0/a9947d98ad60d01f6b26727570f3bcceb6c8fa789da64fe6889908fe2e294d57503b14bf2b5af7605c2d36647259e856635cd4c49eab41667658ec9d0080ec3f
  languageName: node
  linkType: hard

"supports-preserve-symlinks-flag@npm:^1.0.0":
  version: 1.0.0
  resolution: "supports-preserve-symlinks-flag@npm:1.0.0"
  checksum: 10c0/6c4032340701a9950865f7ae8ef38578d8d7053f5e10518076e6554a9381fa91bd9c6850193695c141f32b21f979c985db07265a758867bac95de05f7d8aeb39
  languageName: node
  linkType: hard

"toidentifier@npm:1.0.1":
  version: 1.0.1
  resolution: "toidentifier@npm:1.0.1"
  checksum: 10c0/93937279934bd66cc3270016dd8d0afec14fb7c94a05c72dc57321f8bd1fa97e5bea6d1f7c89e728d077ca31ea125b78320a616a6c6cd0e6b9cb94cb864381c1
  languageName: node
  linkType: hard

"type-is@npm:^2.0.0, type-is@npm:^2.0.1":
  version: 2.0.1
  resolution: "type-is@npm:2.0.1"
  dependencies:
    content-type: "npm:^1.0.5"
    media-typer: "npm:^1.1.0"
    mime-types: "npm:^3.0.0"
  checksum: 10c0/7f7ec0a060b16880bdad36824ab37c26019454b67d73e8a465ed5a3587440fbe158bc765f0da68344498235c877e7dbbb1600beccc94628ed05599d667951b99
  languageName: node
  linkType: hard

"typescript@npm:^5.8.3":
  version: 5.8.3
  resolution: "typescript@npm:5.8.3"
  bin:
    tsc: bin/tsc
    tsserver: bin/tsserver
  checksum: 10c0/5f8bb01196e542e64d44db3d16ee0e4063ce4f3e3966df6005f2588e86d91c03e1fb131c2581baf0fb65ee79669eea6e161cd448178986587e9f6844446dbb48
  languageName: node
  linkType: hard

"typescript@patch:typescript@npm%3A^5.8.3#optional!builtin<compat/typescript>":
  version: 5.8.3
  resolution: "typescript@patch:typescript@npm%3A5.8.3#optional!builtin<compat/typescript>::version=5.8.3&hash=379a07"
  bin:
    tsc: bin/tsc
    tsserver: bin/tsserver
  checksum: 10c0/1f40aacc71c2817b5a1493aeed7e299ef2cf2d3ed38782ae3aae64402970e619c07782fef39959e151f75b4d982cdd06330ff1e12a4e04a68b1f683cfe442a21
  languageName: node
  linkType: hard

"undici-types@npm:~7.8.0":
  version: 7.8.0
  resolution: "undici-types@npm:7.8.0"
  checksum: 10c0/9d9d246d1dc32f318d46116efe3cfca5a72d4f16828febc1918d94e58f6ffcf39c158aa28bf5b4fc52f410446bc7858f35151367bd7a49f21746cab6497b709b
  languageName: node
  linkType: hard

"unpipe@npm:1.0.0":
  version: 1.0.0
  resolution: "unpipe@npm:1.0.0"
  checksum: 10c0/193400255bd48968e5c5383730344fbb4fa114cdedfab26e329e50dd2d81b134244bb8a72c6ac1b10ab0281a58b363d06405632c9d49ca9dfd5e90cbd7d0f32c
  languageName: node
  linkType: hard

"vary@npm:^1, vary@npm:^1.1.2":
  version: 1.1.2
  resolution: "vary@npm:1.1.2"
  checksum: 10c0/f15d588d79f3675135ba783c91a4083dcd290a2a5be9fcb6514220a1634e23df116847b1cc51f66bfb0644cf9353b2abb7815ae499bab06e46dd33c1a6bf1f4f
  languageName: node
  linkType: hard

"wrappy@npm:1":
  version: 1.0.2
  resolution: "wrappy@npm:1.0.2"
  checksum: 10c0/56fece1a4018c6a6c8e28fbc88c87e0fbf4ea8fd64fc6c63b18f4acc4bd13e0ad2515189786dd2c30d3eec9663d70f4ecf699330002f8ccb547e4a18231fc9f0
  languageName: node
  linkType: hard

"zod@npm:^3.25.67":
  version: 3.25.67
  resolution: "zod@npm:3.25.67"
  checksum: 10c0/80a0cab3033272c4ab9312198081f0c4ea88e9673c059aa36dc32024906363729db54bdb78f3dc9d5529bd1601f74974d5a56c0a23e40c6f04a9270c9ff22336
  languageName: node
  linkType: hard
